
Microsoft Visual Studio Solution File, Format Version 12.00
# Visual Studio Version 16
VisualStudioVersion = 16.0.31402.337
MinimumVisualStudioVersion = 10.0.40219.1
Project("{9A19103F-16F7-4668-BE54-9A1E7A4F7556}") = "Comparators", "Session13\Comparators.csproj", "{D0A3CD12-DAB2-4800-B603-A5ACCFCD9205}"
EndProject
Project("{9A19103F-16F7-4668-BE54-9A1E7A4F7556}") = "Equals and Overrides", "Session14\Equals and Overrides.csproj", "{130F33A6-EF21-47E2-BFC1-9666E1875F3E}"
EndProject
Project("{9A19103F-16F7-4668-BE54-9A1E7A4F7556}") = "Strings in sorted order", "Session5\Strings in sorted order.csproj", "{3084D6BC-A6CE-492E-AB5F-08095341FD6F}"
EndProject
Project("{9A19103F-16F7-4668-BE54-9A1E7A4F7556}") = "Linked Lists", "Session06\Linked Lists.csproj", "{36DEE2D8-286C-4AEE-B990-96DC909D3C80}"
EndProject
Global
	GlobalSection(SolutionConfigurationPlatforms) = preSolution
		Debug|Any CPU = Debug|Any CPU
		Release|Any CPU = Release|Any CPU
	EndGlobalSection
	GlobalSection(ProjectConfigurationPlatforms) = postSolution
		{D0A3CD12-DAB2-4800-B603-A5ACCFCD9205}.Debug|Any CPU.ActiveCfg = Debug|Any CPU
		{D0A3CD12-DAB2-4800-B603-A5ACCFCD9205}.Debug|Any CPU.Build.0 = Debug|Any CPU
		{D0A3CD12-DAB2-4800-B603-A5ACCFCD9205}.Release|Any CPU.ActiveCfg = Release|Any CPU
		{D0A3CD12-DAB2-4800-B603-A5ACCFCD9205}.Release|Any CPU.Build.0 = Release|Any CPU
		{130F33A6-EF21-47E2-BFC1-9666E1875F3E}.Debug|Any CPU.ActiveCfg = Debug|Any CPU
		{130F33A6-EF21-47E2-BFC1-9666E1875F3E}.Debug|Any CPU.Build.0 = Debug|Any CPU
		{130F33A6-EF21-47E2-BFC1-9666E1875F3E}.Release|Any CPU.ActiveCfg = Release|Any CPU
		{130F33A6-EF21-47E2-BFC1-9666E1875F3E}.Release|Any CPU.Build.0 = Release|Any CPU
		{3084D6BC-A6CE-492E-AB5F-08095341FD6F}.Debug|Any CPU.ActiveCfg = Debug|Any CPU
		{3084D6BC-A6CE-492E-AB5F-08095341FD6F}.Debug|Any CPU.Build.0 = Debug|Any CPU
		{3084D6BC-A6CE-492E-AB5F-08095341FD6F}.Release|Any CPU.ActiveCfg = Release|Any CPU
		{3084D6BC-A6CE-492E-AB5F-08095341FD6F}.Release|Any CPU.Build.0 = Release|Any CPU
		{36DEE2D8-286C-4AEE-B990-96DC909D3C80}.Debug|Any CPU.ActiveCfg = Debug|Any CPU
		{36DEE2D8-286C-4AEE-B990-96DC909D3C80}.Debug|Any CPU.Build.0 = Debug|Any CPU
		{36DEE2D8-286C-4AEE-B990-96DC909D3C80}.Release|Any CPU.ActiveCfg = Release|Any CPU
		{36DEE2D8-286C-4AEE-B990-96DC909D3C80}.Release|Any CPU.Build.0 = Release|Any CPU
	EndGlobalSection
	GlobalSection(SolutionProperties) = preSolution
		HideSolutionNode = FALSE
	EndGlobalSection
	GlobalSection(ExtensibilityGlobals) = postSolution
		SolutionGuid = {892D9476-0EC6-489E-9ADE-33BF7BE25707}
	EndGlobalSection
EndGlobal
